<?xml version="1.0" encoding="utf-8"?>
<Project ToolsVersion="4.0" xmlns="http://schemas.microsoft.com/developer/msbuild/2003">
  <ItemGroup>
    <Filter Include="Source Files">
      <UniqueIdentifier>{4FC737F1-C7A5-4376-A066-2A32D752A2FF}</UniqueIdentifier>
      <Extensions>cpp;c;cc;cxx;c++;cppm;ixx;def;odl;idl;hpj;bat;asm;asmx</Extensions>
    </Filter>
    <Filter Include="Resource Files">
      <UniqueIdentifier>{67DA6AB6-F800-4c08-8B7A-83BB121AAD01}</UniqueIdentifier>
      <Extensions>rc;ico;cur;bmp;dlg;rc2;rct;bin;rgs;gif;jpg;jpeg;jpe;resx;tiff;tif;png;wav;mfcribbon-ms</Extensions>
    </Filter>
    <Filter Include="Source Files\Zestawy">
      <UniqueIdentifier>{52b4aa9c-4114-4b82-8927-1e7285597d04}</UniqueIdentifier>
    </Filter>
    <Filter Include="Source Files\Zestawy\Z1">
      <UniqueIdentifier>{b789eb79-7650-40b1-84f8-68adaa78d779}</UniqueIdentifier>
    </Filter>
    <Filter Include="Source Files\Zestawy\Z2">
      <UniqueIdentifier>{0c03e764-9759-4260-8105-03e0e42f6f6a}</UniqueIdentifier>
    </Filter>
    <Filter Include="Source Files\Zestawy\Z3">
      <UniqueIdentifier>{99d896d1-d9e8-4652-a951-3074897a4d5f}</UniqueIdentifier>
    </Filter>
  </ItemGroup>
  <ItemGroup>
    <ClCompile Include="LabyZadania.cpp">
      <Filter>Source Files</Filter>
    </ClCompile>
    <ClCompile Include="Zestawy\Z1\CTable.cpp">
      <Filter>Source Files\Zestawy\Z1</Filter>
    </ClCompile>
    <ClCompile Include="Zestawy\Z1\z1.cpp">
      <Filter>Source Files\Zestawy\Z1</Filter>
    </ClCompile>
    <ClCompile Include="Zestawy\Z2\z2.cpp">
      <Filter>Source Files\Zestawy\Z2</Filter>
    </ClCompile>
    <ClCompile Include="Zestawy\Z2\CNumber.cpp">
      <Filter>Source Files\Zestawy\Z2</Filter>
    </ClCompile>
    <ClCompile Include="Zestawy\Z1\z1Tools.cpp">
      <Filter>Source Files\Zestawy\Z1</Filter>
    </ClCompile>
    <ClCompile Include="Zestawy\Z2\tests.cpp">
      <Filter>Source Files\Zestawy\Z2</Filter>
    </ClCompile>
    <ClCompile Include="Zestawy\Z3\z3.cpp">
      <Filter>Source Files\Zestawy\Z3</Filter>
    </ClCompile>
    <ClCompile Include="Zestawy\Z3\CInterface.cpp">
      <Filter>Source Files\Zestawy\Z3</Filter>
    </ClCompile>
    <ClCompile Include="Zestawy\Z3\CError.cpp">
      <Filter>Source Files\Zestawy\Z3</Filter>
    </ClCompile>
  </ItemGroup>
  <ItemGroup>
    <ClInclude Include="Zestawy\Z1\z1.h">
      <Filter>Source Files\Zestawy\Z1</Filter>
    </ClInclude>
    <ClInclude Include="Zestawy\Z1\CTable.h">
      <Filter>Source Files\Zestawy\Z1</Filter>
    </ClInclude>
    <ClInclude Include="Zestawy\Z2\z2.h">
      <Filter>Source Files\Zestawy\Z2</Filter>
    </ClInclude>
    <ClInclude Include="Zestawy\Z2\CNumber.h">
      <Filter>Source Files\Zestawy\Z2</Filter>
    </ClInclude>
    <ClInclude Include="Zestawy\Z1\z1Tools.h">
      <Filter>Source Files\Zestawy\Z1</Filter>
    </ClInclude>
    <ClInclude Include="Zestawy\Z2\tests.h">
      <Filter>Source Files\Zestawy\Z2</Filter>
    </ClInclude>
    <ClInclude Include="Zestawy\Z3\z3.h">
      <Filter>Source Files\Zestawy\Z3</Filter>
    </ClInclude>
    <ClInclude Include="Zestawy\Z3\CNode.h">
      <Filter>Source Files\Zestawy\Z3</Filter>
    </ClInclude>
    <ClInclude Include="Zestawy\Z3\CInterface.h">
      <Filter>Source Files\Zestawy\Z3</Filter>
    </ClInclude>
    <ClInclude Include="Zestawy\Z3\CTree.h">
      <Filter>Source Files\Zestawy\Z3</Filter>
    </ClInclude>
    <ClInclude Include="Zestawy\Z3\ETokens.h">
      <Filter>Source Files\Zestawy\Z3</Filter>
    </ClInclude>
    <ClInclude Include="Zestawy\Z3\CError.h">
      <Filter>Source Files\Zestawy\Z3</Filter>
    </ClInclude>
    <ClInclude Include="Zestawy\Z3\CVariablesData.h">
      <Filter>Source Files\Zestawy\Z3</Filter>
    </ClInclude>
  </ItemGroup>
</Project>